
Microsoft Visual Studio Solution File, Format Version 12.00
# Visual Studio 15
VisualStudioVersion = 15.0.28307.539
MinimumVisualStudioVersion = 10.0.40219.1
Project("{888888A0-9F3D-457C-B088-3A5042F75D52}") = "Website Project", "Website Project\Website Project.pyproj", "{FE6595C1-816C-483A-B584-3F1A1E0AA77E}"
EndProject
Global
	GlobalSection(SolutionConfigurationPlatforms) = preSolution
		Debug|Any CPU = Debug|Any CPU
		Release|Any CPU = Release|Any CPU
	EndGlobalSection
	GlobalSection(ProjectConfigurationPlatforms) = postSolution
		{FE6595C1-816C-483A-B584-3F1A1E0AA77E}.Debug|Any CPU.ActiveCfg = Debug|Any CPU
		{FE6595C1-816C-483A-B584-3F1A1E0AA77E}.Debug|Any CPU.Build.0 = Debug|Any CPU
		{FE6595C1-816C-483A-B584-3F1A1E0AA77E}.Release|Any CPU.ActiveCfg = Release|Any CPU
		{FE6595C1-816C-483A-B584-3F1A1E0AA77E}.Release|Any CPU.Build.0 = Release|Any CPU
	EndGlobalSection
	GlobalSection(SolutionProperties) = preSolution
		HideSolutionNode = FALSE
	EndGlobalSection
	GlobalSection(ExtensibilityGlobals) = postSolution
		SolutionGuid = {C1BCBBAC-45A2-4D7D-9504-D9A17C2F2D19}
	EndGlobalSection
EndGlobal
